
Microsoft Visual Studio Solution File, Format Version 12.00
# Visual Studio 14
VisualStudioVersion = 14.0.25420.1
MinimumVisualStudioVersion = 10.0.40219.1
Project("{FAE04EC0-301F-11D3-BF4B-00C04F79EFBC}") = "PockerGamev0.2", "PockerGamev0.2\PockerGamev0.2.csproj", "{D940EDFB-AF8C-431D-B2F6-31DD334E1F18}"
EndProject
Global
	GlobalSection(SolutionConfigurationPlatforms) = preSolution
		Debug|Any CPU = Debug|Any CPU
		Release|Any CPU = Release|Any CPU
	EndGlobalSection
	GlobalSection(ProjectConfigurationPlatforms) = postSolution
		{D940EDFB-AF8C-431D-B2F6-31DD334E1F18}.Debug|Any CPU.ActiveCfg = Debug|Any CPU
		{D940EDFB-AF8C-431D-B2F6-31DD334E1F18}.Debug|Any CPU.Build.0 = Debug|Any CPU
		{D940EDFB-AF8C-431D-B2F6-31DD334E1F18}.Release|Any CPU.ActiveCfg = Release|Any CPU
		{D940EDFB-AF8C-431D-B2F6-31DD334E1F18}.Release|Any CPU.Build.0 = Release|Any CPU
	EndGlobalSection
	GlobalSection(SolutionProperties) = preSolution
		HideSolutionNode = FALSE
	EndGlobalSection
EndGlobal
